{
  "name": "@colmena/module-admin-dashboard",
  "version": "0.0.0",
  "lockfileVersion": 1,
  "dependencies": {
    "@colmena/admin-ui": {
      "version": "0.0.0",
      "dependencies": {
        "moment": {
          "version": "2.18.1",
          "resolved": "https://registry.npmjs.org/moment/-/moment-2.18.1.tgz",
          "integrity": "sha1-w2GT3Tzhwu7SrbfIAtu8d6gbHA8="
        },
        "ng-formly": {
          "version": "1.0.0-rc.9",
          "resolved": "https://registry.npmjs.org/ng-formly/-/ng-formly-1.0.0-rc.9.tgz",
          "integrity": "sha512-/H6sNx5ChWKwNTAqzsE3e0gdQwCNtelxYzD+BqNWaDvJyuPXJ6j7Xl0RaXk3ByRqC8aDBTtnpOqDwMYlu3WR0Q=="
        },
        "ng2-file-upload": {
          "version": "1.2.1",
          "resolved": "https://registry.npmjs.org/ng2-file-upload/-/ng2-file-upload-1.2.1.tgz",
          "integrity": "sha1-VWPF39b0P7++gVwgbjQ0ZKCmoZc="
        },
        "ng2-toasty": {
          "version": "4.0.0",
          "resolved": "https://registry.npmjs.org/ng2-toasty/-/ng2-toasty-4.0.0.tgz",
          "integrity": "sha1-lTcJ0ZHYomaus/MvT3HkhOOI4Wo="
        },
        "ngx-bootstrap": {
          "version": "1.7.1",
          "resolved": "https://registry.npmjs.org/ngx-bootstrap/-/ngx-bootstrap-1.7.1.tgz",
          "integrity": "sha512-d7Rquh+qg0/S3an1QHfWnYNIPeo5Ek+bXCAZHSNaKXjCl0w0ofEK/kGagoE8CdcJqssiwTuboKWoMx5mWGBkBQ=="
        },
        "sweetalert2": {
          "version": "6.6.5",
          "resolved": "https://registry.npmjs.org/sweetalert2/-/sweetalert2-6.6.5.tgz",
          "integrity": "sha1-///BBkcR/3hwvIrv4WePlezCkNs="
        },
        "tslib": {
          "version": "1.7.1",
          "resolved": "https://registry.npmjs.org/tslib/-/tslib-1.7.1.tgz",
          "integrity": "sha1-vIAEFkaRkjp5/oN4u+s9ogF1OOw="
        }
      }
    }
  }
}
