{
  "lockfileVersion": 1,
  "dependencies": {
    "moment": {
      "version": "2.18.1",
      "resolved": "https://registry.npmjs.org/moment/-/moment-2.18.1.tgz",
      "integrity": "sha1-w2GT3Tzhwu7SrbfIAtu8d6gbHA8="
    },
    "ngx-bootstrap": {
      "version": "1.7.1",
      "resolved": "https://registry.npmjs.org/ngx-bootstrap/-/ngx-bootstrap-1.7.1.tgz",
      "integrity": "sha512-d7Rquh+qg0/S3an1QHfWnYNIPeo5Ek+bXCAZHSNaKXjCl0w0ofEK/kGagoE8CdcJqssiwTuboKWoMx5mWGBkBQ=="
    }
  }
}
