{
  "lockfileVersion": 1,
  "dependencies": {
    "moment": {
      "version": "2.18.1",
      "resolved": "https://registry.npmjs.org/moment/-/moment-2.18.1.tgz",
      "integrity": "sha1-w2GT3Tzhwu7SrbfIAtu8d6gbHA8="
    },
    "ng2-bootstrap": {
      "version": "1.6.3",
      "resolved": "https://registry.npmjs.org/ng2-bootstrap/-/ng2-bootstrap-1.6.3.tgz",
      "integrity": "sha1-i+9heddDa6VHkBRH8Y/uj/9DVcI="
    },
    "ngx-bootstrap": {
      "version": "1.6.6",
      "resolved": "https://registry.npmjs.org/ngx-bootstrap/-/ngx-bootstrap-1.6.6.tgz",
      "integrity": "sha1-AFcUHPvdfopQ6Bvac1+tjpWssN0="
    }
  }
}
