{
  "lockfileVersion": 1,
  "dependencies": {
    "moment": {
      "version": "2.18.1",
      "resolved": "https://registry.npmjs.org/moment/-/moment-2.18.1.tgz",
      "integrity": "sha1-w2GT3Tzhwu7SrbfIAtu8d6gbHA8="
    },
    "ngx-bootstrap": {
      "version": "1.7.0",
      "resolved": "https://registry.npmjs.org/ngx-bootstrap/-/ngx-bootstrap-1.7.0.tgz",
      "integrity": "sha512-meIW/QWofwgPtfGXg+DQPAq/Yvs0233bVvzP2eSmwuXfLzoGAp9XBivVcSK65yZMwpFbr9DXZUxonsbx2hukag=="
    }
  }
}
