# THIS IS AN AUTOGENERATED FILE. DO NOT EDIT THIS FILE DIRECTLY.
# yarn lockfile v1


moment@2.18.1:
  version "2.18.1"
  resolved "http://localhost:4873/moment/-/moment-2.18.1.tgz#c36193dd3ce1c2eed2adb7c802dbbc77a81b1c0f"

ngx-bootstrap@^1.6.6:
  version "1.6.6"
  resolved "http://localhost:4873/ngx-bootstrap/-/ngx-bootstrap-1.6.6.tgz#0057141cfbdd7e8a50e81bda735fad8e95acb0dd"
  dependencies:
    moment "2.18.1"
