{
  "lockfileVersion": 1,
  "dependencies": {
    "@types/quill": {
      "version": "0.0.29",
      "resolved": "https://registry.npmjs.org/@types/quill/-/quill-0.0.29.tgz",
      "integrity": "sha1-ktVSNUY5v6GoGIrPHPI9aQlreho="
    },
    "clone": {
      "version": "2.1.1",
      "resolved": "https://registry.npmjs.org/clone/-/clone-2.1.1.tgz",
      "integrity": "sha1-0hfR6WERjjrJpLi7oyhVU79kfNs="
    },
    "deep-equal": {
      "version": "1.0.1",
      "resolved": "https://registry.npmjs.org/deep-equal/-/deep-equal-1.0.1.tgz",
      "integrity": "sha1-9dJgKStmDghO/0zbyfCK0yR0SLU="
    },
    "eventemitter3": {
      "version": "2.0.3",
      "resolved": "https://registry.npmjs.org/eventemitter3/-/eventemitter3-2.0.3.tgz",
      "integrity": "sha1-teEHm1n7XhuidxwKmTvgYKWMmbo="
    },
    "extend": {
      "version": "3.0.1",
      "resolved": "https://registry.npmjs.org/extend/-/extend-3.0.1.tgz",
      "integrity": "sha1-p1Xqe8Gt/MWjHOfnYtuq3F5jZEQ="
    },
    "fast-diff": {
      "version": "1.1.1",
      "resolved": "https://registry.npmjs.org/fast-diff/-/fast-diff-1.1.1.tgz",
      "integrity": "sha1-CuoOTmBbaiGJ8Ok21Lf7rxt8/Zs="
    },
    "ngx-quill": {
      "version": "1.3.1",
      "resolved": "https://registry.npmjs.org/ngx-quill/-/ngx-quill-1.3.1.tgz",
      "integrity": "sha1-778yWoh7Fu7hpNh963gQSNRZcRY="
    },
    "parchment": {
      "version": "1.0.9",
      "resolved": "https://registry.npmjs.org/parchment/-/parchment-1.0.9.tgz",
      "integrity": "sha1-+qn272VOvaO6AZnW5GDyTHPGd/I="
    },
    "quill": {
      "version": "1.2.6",
      "resolved": "https://registry.npmjs.org/quill/-/quill-1.2.6.tgz",
      "integrity": "sha1-xFV5M6W7ADS9eELDE3klSoN0yus="
    },
    "quill-delta": {
      "version": "3.5.0",
      "resolved": "https://registry.npmjs.org/quill-delta/-/quill-delta-3.5.0.tgz",
      "integrity": "sha1-W2fmhdpgw06r7URJxBbHSquJFXs="
    }
  }
}
