{
  "lockfileVersion": 1,
  "dependencies": {
    "@types/quill": {
      "version": "0.0.29",
      "resolved": "https://registry.npmjs.org/@types/quill/-/quill-0.0.29.tgz",
      "integrity": "sha1-ktVSNUY5v6GoGIrPHPI9aQlreho="
    },
    "clone": {
      "version": "2.1.1",
      "resolved": "https://registry.npmjs.org/clone/-/clone-2.1.1.tgz",
      "integrity": "sha1-0hfR6WERjjrJpLi7oyhVU79kfNs="
    },
    "coreui-styles": {
      "version": "1.0.2",
      "resolved": "https://registry.npmjs.org/coreui-styles/-/coreui-styles-1.0.2.tgz",
      "integrity": "sha1-QIyTddjT6i6ZY4quBVWv/FpaHfY="
    },
    "deep-equal": {
      "version": "1.0.1",
      "resolved": "https://registry.npmjs.org/deep-equal/-/deep-equal-1.0.1.tgz",
      "integrity": "sha1-9dJgKStmDghO/0zbyfCK0yR0SLU="
    },
    "eventemitter3": {
      "version": "2.0.3",
      "resolved": "https://registry.npmjs.org/eventemitter3/-/eventemitter3-2.0.3.tgz",
      "integrity": "sha1-teEHm1n7XhuidxwKmTvgYKWMmbo="
    },
    "extend": {
      "version": "3.0.1",
      "resolved": "https://registry.npmjs.org/extend/-/extend-3.0.1.tgz",
      "integrity": "sha1-p1Xqe8Gt/MWjHOfnYtuq3F5jZEQ="
    },
    "fast-diff": {
      "version": "1.1.1",
      "resolved": "https://registry.npmjs.org/fast-diff/-/fast-diff-1.1.1.tgz",
      "integrity": "sha1-CuoOTmBbaiGJ8Ok21Lf7rxt8/Zs="
    },
    "font-awesome": {
      "version": "4.7.0",
      "resolved": "https://registry.npmjs.org/font-awesome/-/font-awesome-4.7.0.tgz",
      "integrity": "sha1-j6jPBBGhoxr9B7BtKQK7n8gVoTM="
    },
    "moment": {
      "version": "2.18.1",
      "resolved": "https://registry.npmjs.org/moment/-/moment-2.18.1.tgz",
      "integrity": "sha1-w2GT3Tzhwu7SrbfIAtu8d6gbHA8="
    },
    "ng-formly": {
      "version": "1.0.0-rc.9",
      "resolved": "https://registry.npmjs.org/ng-formly/-/ng-formly-1.0.0-rc.9.tgz",
      "integrity": "sha512-/H6sNx5ChWKwNTAqzsE3e0gdQwCNtelxYzD+BqNWaDvJyuPXJ6j7Xl0RaXk3ByRqC8aDBTtnpOqDwMYlu3WR0Q=="
    },
    "ng2-file-upload": {
      "version": "1.2.1",
      "resolved": "https://registry.npmjs.org/ng2-file-upload/-/ng2-file-upload-1.2.1.tgz",
      "integrity": "sha1-VWPF39b0P7++gVwgbjQ0ZKCmoZc="
    },
    "ng2-toasty": {
      "version": "4.0.3",
      "resolved": "https://registry.npmjs.org/ng2-toasty/-/ng2-toasty-4.0.3.tgz",
      "integrity": "sha1-6njvjRh1fUHrq6Eb2fkKVD9Y/Xo="
    },
    "ngx-bootstrap": {
      "version": "1.7.1",
      "resolved": "https://registry.npmjs.org/ngx-bootstrap/-/ngx-bootstrap-1.7.1.tgz",
      "integrity": "sha512-d7Rquh+qg0/S3an1QHfWnYNIPeo5Ek+bXCAZHSNaKXjCl0w0ofEK/kGagoE8CdcJqssiwTuboKWoMx5mWGBkBQ=="
    },
    "ngx-quill": {
      "version": "1.3.1",
      "resolved": "https://registry.npmjs.org/ngx-quill/-/ngx-quill-1.3.1.tgz",
      "integrity": "sha1-778yWoh7Fu7hpNh963gQSNRZcRY="
    },
    "parchment": {
      "version": "1.0.9",
      "resolved": "https://registry.npmjs.org/parchment/-/parchment-1.0.9.tgz",
      "integrity": "sha1-+qn272VOvaO6AZnW5GDyTHPGd/I="
    },
    "quill": {
      "version": "1.2.6",
      "resolved": "https://registry.npmjs.org/quill/-/quill-1.2.6.tgz",
      "integrity": "sha1-xFV5M6W7ADS9eELDE3klSoN0yus="
    },
    "quill-delta": {
      "version": "3.5.0",
      "resolved": "https://registry.npmjs.org/quill-delta/-/quill-delta-3.5.0.tgz",
      "integrity": "sha1-W2fmhdpgw06r7URJxBbHSquJFXs="
    },
    "simple-line-icons": {
      "version": "2.4.1",
      "resolved": "https://registry.npmjs.org/simple-line-icons/-/simple-line-icons-2.4.1.tgz",
      "integrity": "sha1-t1vFoNh+UwkowszaVzUnS7JW8jQ="
    },
    "sweetalert2": {
      "version": "6.6.5",
      "resolved": "https://registry.npmjs.org/sweetalert2/-/sweetalert2-6.6.5.tgz",
      "integrity": "sha1-///BBkcR/3hwvIrv4WePlezCkNs="
    },
    "tslib": {
      "version": "1.7.1",
      "resolved": "https://registry.npmjs.org/tslib/-/tslib-1.7.1.tgz",
      "integrity": "sha1-vIAEFkaRkjp5/oN4u+s9ogF1OOw="
    }
  }
}
