{
  "lockfileVersion": 1,
  "dependencies": {
    "moment": {
      "version": "2.18.1",
      "resolved": "https://registry.npmjs.org/moment/-/moment-2.18.1.tgz",
      "integrity": "sha1-w2GT3Tzhwu7SrbfIAtu8d6gbHA8="
    },
    "ng-formly": {
      "version": "1.0.0-rc.8",
      "resolved": "https://registry.npmjs.org/ng-formly/-/ng-formly-1.0.0-rc.8.tgz",
      "integrity": "sha512-EoqrPPm2SDfxmkBfcGwWsYwweaBAw/bl4y0GaqbGq+uci9sFN5xmMyocmZoMEJRdyfpzzPyB8pAx2+vdR9Xx/Q=="
    },
    "ng2-file-upload": {
      "version": "1.2.1",
      "resolved": "https://registry.npmjs.org/ng2-file-upload/-/ng2-file-upload-1.2.1.tgz",
      "integrity": "sha1-VWPF39b0P7++gVwgbjQ0ZKCmoZc="
    },
    "ng2-toasty": {
      "version": "4.0.0",
      "resolved": "https://registry.npmjs.org/ng2-toasty/-/ng2-toasty-4.0.0.tgz",
      "integrity": "sha1-lTcJ0ZHYomaus/MvT3HkhOOI4Wo="
    },
    "ngx-bootstrap": {
      "version": "1.7.0",
      "resolved": "https://registry.npmjs.org/ngx-bootstrap/-/ngx-bootstrap-1.7.0.tgz",
      "integrity": "sha512-meIW/QWofwgPtfGXg+DQPAq/Yvs0233bVvzP2eSmwuXfLzoGAp9XBivVcSK65yZMwpFbr9DXZUxonsbx2hukag=="
    },
    "tslib": {
      "version": "1.7.1",
      "resolved": "https://registry.npmjs.org/tslib/-/tslib-1.7.1.tgz",
      "integrity": "sha1-vIAEFkaRkjp5/oN4u+s9ogF1OOw="
    }
  }
}
