# THIS IS AN AUTOGENERATED FILE. DO NOT EDIT THIS FILE DIRECTLY.
# yarn lockfile v1


es6-promise@^4.0.5:
  version "4.1.0"
  resolved "http://localhost:4873/es6-promise/-/es6-promise-4.1.0.tgz#dda03ca8f9f89bc597e689842929de7ba8cebdf0"

moment@2.18.1:
  version "2.18.1"
  resolved "http://localhost:4873/moment/-/moment-2.18.1.tgz#c36193dd3ce1c2eed2adb7c802dbbc77a81b1c0f"

ng-formly@^1.0.0-rc.4:
  version "1.0.0-rc.4"
  resolved "http://localhost:4873/ng-formly/-/ng-formly-1.0.0-rc.4.tgz#bc442f7de96101da36cfc4a3c594a2c492093b35"

ng2-file-upload@^1.2.1:
  version "1.2.1"
  resolved "http://localhost:4873/ng2-file-upload/-/ng2-file-upload-1.2.1.tgz#5563c5dfd6f43fbfbe815c206e343464a0a6a197"

ng2-toasty@^4.0.0:
  version "4.0.0"
  resolved "http://localhost:4873/ng2-toasty/-/ng2-toasty-4.0.0.tgz#953709d191d8a266aeb3f32f4f71e484e388e16a"

ngx-bootstrap@^1.6.6:
  version "1.6.6"
  resolved "http://localhost:4873/ngx-bootstrap/-/ngx-bootstrap-1.6.6.tgz#0057141cfbdd7e8a50e81bda735fad8e95acb0dd"
  dependencies:
    moment "2.18.1"

sweetalert2@6.5.5:
  version "6.5.5"
  resolved "http://localhost:4873/sweetalert2/-/sweetalert2-6.5.5.tgz#baa17a78394852da8ea4ca3b2a7942328bbcc9bf"
  dependencies:
    es6-promise "^4.0.5"
