{
  "name": "@colmena/module-admin-forms",
  "version": "0.2.0",
  "lockfileVersion": 1,
  "requires": true,
  "dependencies": {
    "@colmena/admin-lb-sdk": {
      "version": "0.2.0",
      "requires": {
        "socket.io-client": "2.0.3"
      },
      "dependencies": {
        "after": {
          "version": "0.8.2",
          "bundled": true
        },
        "arraybuffer.slice": {
          "version": "0.0.6",
          "bundled": true
        },
        "backo2": {
          "version": "1.0.2",
          "bundled": true
        },
        "base64-arraybuffer": {
          "version": "0.1.5",
          "bundled": true
        },
        "better-assert": {
          "version": "1.0.2",
          "bundled": true,
          "requires": {
            "callsite": "1.0.0"
          }
        },
        "blob": {
          "version": "0.0.4",
          "bundled": true
        },
        "callsite": {
          "version": "1.0.0",
          "bundled": true
        },
        "component-bind": {
          "version": "1.0.0",
          "bundled": true
        },
        "component-emitter": {
          "version": "1.2.1",
          "bundled": true
        },
        "component-inherit": {
          "version": "0.0.3",
          "bundled": true
        },
        "debug": {
          "version": "2.6.8",
          "bundled": true,
          "requires": {
            "ms": "2.0.0"
          }
        },
        "engine.io-client": {
          "version": "3.1.1",
          "bundled": true,
          "requires": {
            "component-emitter": "1.2.1",
            "component-inherit": "0.0.3",
            "debug": "2.6.8",
            "engine.io-parser": "2.1.1",
            "has-cors": "1.1.0",
            "indexof": "0.0.1",
            "parsejson": "0.0.3",
            "parseqs": "0.0.5",
            "parseuri": "0.0.5",
            "ws": "2.3.1",
            "xmlhttprequest-ssl": "1.5.3",
            "yeast": "0.1.2"
          }
        },
        "engine.io-parser": {
          "version": "2.1.1",
          "bundled": true,
          "requires": {
            "after": "0.8.2",
            "arraybuffer.slice": "0.0.6",
            "base64-arraybuffer": "0.1.5",
            "blob": "0.0.4",
            "has-binary2": "1.0.2"
          }
        },
        "has-binary2": {
          "version": "1.0.2",
          "bundled": true,
          "requires": {
            "isarray": "2.0.1"
          }
        },
        "has-cors": {
          "version": "1.1.0",
          "bundled": true
        },
        "indexof": {
          "version": "0.0.1",
          "bundled": true
        },
        "isarray": {
          "version": "2.0.1",
          "bundled": true
        },
        "ms": {
          "version": "2.0.0",
          "bundled": true
        },
        "object-component": {
          "version": "0.0.3",
          "bundled": true
        },
        "parsejson": {
          "version": "0.0.3",
          "bundled": true,
          "requires": {
            "better-assert": "1.0.2"
          }
        },
        "parseqs": {
          "version": "0.0.5",
          "bundled": true,
          "requires": {
            "better-assert": "1.0.2"
          }
        },
        "parseuri": {
          "version": "0.0.5",
          "bundled": true,
          "requires": {
            "better-assert": "1.0.2"
          }
        },
        "safe-buffer": {
          "version": "5.0.1",
          "bundled": true
        },
        "socket.io-client": {
          "version": "2.0.3",
          "bundled": true,
          "requires": {
            "backo2": "1.0.2",
            "base64-arraybuffer": "0.1.5",
            "component-bind": "1.0.0",
            "component-emitter": "1.2.1",
            "debug": "2.6.8",
            "engine.io-client": "3.1.1",
            "has-cors": "1.1.0",
            "indexof": "0.0.1",
            "object-component": "0.0.3",
            "parseqs": "0.0.5",
            "parseuri": "0.0.5",
            "socket.io-parser": "3.1.2",
            "to-array": "0.1.4"
          }
        },
        "socket.io-parser": {
          "version": "3.1.2",
          "bundled": true,
          "requires": {
            "component-emitter": "1.2.1",
            "debug": "2.6.8",
            "has-binary2": "1.0.2",
            "isarray": "2.0.1"
          }
        },
        "to-array": {
          "version": "0.1.4",
          "bundled": true
        },
        "ultron": {
          "version": "1.1.0",
          "bundled": true
        },
        "ws": {
          "version": "2.3.1",
          "bundled": true,
          "requires": {
            "safe-buffer": "5.0.1",
            "ultron": "1.1.0"
          }
        },
        "xmlhttprequest-ssl": {
          "version": "1.5.3",
          "bundled": true
        },
        "yeast": {
          "version": "0.1.2",
          "bundled": true
        }
      }
    },
    "@colmena/admin-ui": {
      "version": "0.2.0",
      "requires": {
        "coreui-styles": "1.0.2",
        "font-awesome": "4.7.0",
        "ng-formly": "1.0.0-rc.10",
        "ng2-file-upload": "1.2.1",
        "ng2-toasty": "4.0.3",
        "ngx-bootstrap": "1.7.1",
        "ngx-quill": "1.3.2",
        "simple-line-icons": "2.4.1",
        "sweetalert2": "6.6.5"
      },
      "dependencies": {
        "@types/quill": {
          "version": "0.0.29",
          "bundled": true
        },
        "clone": {
          "version": "2.1.1",
          "bundled": true
        },
        "coreui-styles": {
          "version": "1.0.2",
          "bundled": true
        },
        "deep-equal": {
          "version": "1.0.1",
          "bundled": true
        },
        "eventemitter3": {
          "version": "2.0.3",
          "bundled": true
        },
        "extend": {
          "version": "3.0.1",
          "bundled": true
        },
        "fast-diff": {
          "version": "1.1.1",
          "bundled": true
        },
        "font-awesome": {
          "version": "4.7.0",
          "bundled": true
        },
        "moment": {
          "version": "2.18.1",
          "bundled": true
        },
        "ng-formly": {
          "version": "1.0.0-rc.10",
          "bundled": true,
          "requires": {
            "tslib": "1.7.1"
          }
        },
        "ng2-file-upload": {
          "version": "1.2.1",
          "bundled": true
        },
        "ng2-toasty": {
          "version": "4.0.3",
          "bundled": true
        },
        "ngx-bootstrap": {
          "version": "1.7.1",
          "bundled": true,
          "requires": {
            "moment": "2.18.1"
          }
        },
        "ngx-quill": {
          "version": "1.3.2",
          "bundled": true,
          "requires": {
            "@types/quill": "0.0.29",
            "quill": "1.3.0"
          }
        },
        "parchment": {
          "version": "1.1.0",
          "bundled": true
        },
        "quill": {
          "version": "1.3.0",
          "bundled": true,
          "requires": {
            "clone": "2.1.1",
            "deep-equal": "1.0.1",
            "eventemitter3": "2.0.3",
            "extend": "3.0.1",
            "parchment": "1.1.0",
            "quill-delta": "3.5.0"
          }
        },
        "quill-delta": {
          "version": "3.5.0",
          "bundled": true,
          "requires": {
            "deep-equal": "1.0.1",
            "extend": "3.0.1",
            "fast-diff": "1.1.1"
          }
        },
        "simple-line-icons": {
          "version": "2.4.1",
          "bundled": true
        },
        "sweetalert2": {
          "version": "6.6.5",
          "bundled": true
        },
        "tslib": {
          "version": "1.7.1",
          "bundled": true
        }
      }
    },
    "@swimlane/ngx-dnd": {
      "version": "2.2.0",
      "resolved": "https://registry.npmjs.org/@swimlane/ngx-dnd/-/ngx-dnd-2.2.0.tgz",
      "integrity": "sha512-ndkJZlNx68MtQ9kY4mKnwwGrlepaj0Wd/QsDn2cXUBjsOJPaX1f8EUZ98OXdg6cc1yQP8JxTkgmgRPDsiV6CSw==",
      "requires": {
        "dragula": "3.7.2"
      }
    },
    "atoa": {
      "version": "1.0.0",
      "resolved": "https://registry.npmjs.org/atoa/-/atoa-1.0.0.tgz",
      "integrity": "sha1-DMDpGkgOc4+SPrwQNnZHF3mzSkk="
    },
    "contra": {
      "version": "1.9.4",
      "resolved": "https://registry.npmjs.org/contra/-/contra-1.9.4.tgz",
      "integrity": "sha1-9TveQtfltZhcrk2ZqNYQUm3o8o0=",
      "requires": {
        "atoa": "1.0.0",
        "ticky": "1.0.1"
      }
    },
    "crossvent": {
      "version": "1.5.4",
      "resolved": "https://registry.npmjs.org/crossvent/-/crossvent-1.5.4.tgz",
      "integrity": "sha1-2ixPj0DJR4JRe/K+7BBEFIGUq5I=",
      "requires": {
        "custom-event": "1.0.0"
      }
    },
    "custom-event": {
      "version": "1.0.0",
      "resolved": "https://registry.npmjs.org/custom-event/-/custom-event-1.0.0.tgz",
      "integrity": "sha1-LkYovhncSyFLXAJjDFlx6BFhgGI="
    },
    "dragula": {
      "version": "3.7.2",
      "resolved": "https://registry.npmjs.org/dragula/-/dragula-3.7.2.tgz",
      "integrity": "sha1-SjXJ05gf+sGpScKcpyhQWOhzk84=",
      "requires": {
        "contra": "1.9.4",
        "crossvent": "1.5.4"
      }
    },
    "ticky": {
      "version": "1.0.1",
      "resolved": "https://registry.npmjs.org/ticky/-/ticky-1.0.1.tgz",
      "integrity": "sha1-t8+nHnaPHJAAxJe5FRswlHxQ5G0="
    }
  }
}
